{
  "name": "miniprogram",
  "version": "1.0.0",
  "lockfileVersion": 1,
  "requires": true,
  "dependencies": {
    "@vant/weapp": {
      "version": "1.3.0",
      "resolved": "https://registry.npm.taobao.org/@vant/weapp/download/@vant/weapp-1.3.0.tgz",
      "integrity": "sha1-Ymujc2GNCpPZQ8bQ260/v1oVsdU="
    },
    "moment": {
      "version": "2.24.0",
      "resolved": "https://registry.npm.taobao.org/moment/download/moment-2.24.0.tgz",
      "integrity": "sha1-DQVdU/UFKqZTyfbraLtdEr9cK1s="
    },
    "weui-miniprogram": {
      "version": "1.0.3",
      "resolved": "https://registry.npm.taobao.org/weui-miniprogram/download/weui-miniprogram-1.0.3.tgz",
      "integrity": "sha1-PaW95Vp0pA0J/NqbSd/nZdp5HYM="
    }
  }
}
